// !$*UTF8*$!
{
	archiveVersion = 1;
	classes = {
	};
	objectVersion = 46;
	objects = {

/* Begin PBXBuildFile section */
		9FA8A2FB1AED768E0088A84A /* AppDelegate.swift in Sources */ = {isa = PBXBuildFile; fileRef = 9FA8A2FA1AED768E0088A84A /* AppDelegate.swift */; };
		9FA8A2FD1AED768E0088A84A /* ViewController.swift in Sources */ = {isa = PBXBuildFile; fileRef = 9FA8A2FC1AED768E0088A84A /* ViewController.swift */; };
		9FA8A3001AED768E0088A84A /* Main.storyboard in Resources */ = {isa = PBXBuildFile; fileRef = 9FA8A2FE1AED768E0088A84A /* Main.storyboard */; };
		9FA8A3021AED768E0088A84A /* Images.xcassets in Resources */ = {isa = PBXBuildFile; fileRef = 9FA8A3011AED768E0088A84A /* Images.xcassets */; };
		9FA8A3051AED768E0088A84A /* LaunchScreen.xib in Resources */ = {isa = PBXBuildFile; fileRef = 9FA8A3031AED768E0088A84A /* LaunchScreen.xib */; };
		9FA8A3111AED768E0088A84A /* Age_in_WeeksTests.swift in Sources */ = {isa = PBXBuildFile; fileRef = 9FA8A3101AED768E0088A84A /* Age_in_WeeksTests.swift */; };
/* End PBXBuildFile section */

/* Begin PBXContainerItemProxy section */
		9FA8A30B1AED768E0088A84A /* PBXContainerItemProxy */ = {
			isa = PBXContainerItemProxy;
			containerPortal = 9FA8A2ED1AED768E0088A84A /* Project object */;
			proxyType = 1;
			remoteGlobalIDString = 9FA8A2F41AED768E0088A84A;
			remoteInfo = "Age in Weeks";
		};
/* End PBXContainerItemProxy section */

/* Begin PBXFileReference section */
		9FA8A2F51AED768E0088A84A /* Age in Weeks.app */ = {isa = PBXFileReference; explicitFileType = wrapper.application; includeInIndex = 0; path = "Age in Weeks.app"; sourceTree = BUILT_PRODUCTS_DIR; };
		9FA8A2F91AED768E0088A84A /* Info.plist */ = {isa = PBXFileReference; lastKnownFileType = text.plist.xml; path = Info.plist; sourceTree = "<group>"; };
		9FA8A2FA1AED768E0088A84A /* AppDelegate.swift */ = {isa = PBXFileReference; lastKnownFileType = sourcecode.swift; path = AppDelegate.swift; sourceTree = "<group>"; };
		9FA8A2FC1AED768E0088A84A /* ViewController.swift */ = {isa = PBXFileReference; lastKnownFileType = sourcecode.swift; path = ViewController.swift; sourceTree = "<group>"; };
		9FA8A2FF1AED768E0088A84A /* Base */ = {isa = PBXFileReference; lastKnownFileType = file.storyboard; name = Base; path = Base.lproj/Main.storyboard; sourceTree = "<group>"; };
		9FA8A3011AED768E0088A84A /* Images.xcassets */ = {isa = PBXFileReference; lastKnownFileType = folder.assetcatalog; path = Images.xcassets; sourceTree = "<group>"; };
		9FA8A3041AED768E0088A84A /* Base */ = {isa = PBXFileReference; lastKnownFileType = file.xib; name = Base; path = Base.lproj/LaunchScreen.xib; sourceTree = "<group>"; };
		9FA8A30A1AED768E0088A84A /* Age in WeeksTests.xctest */ = {isa = PBXFileReference; explicitFileType = wrapper.cfbundle; includeInIndex = 0; path = "Age in WeeksTests.xctest"; sourceTree = BUILT_PRODUCTS_DIR; };
		9FA8A30F1AED768E0088A84A /* Info.plist */ = {isa = PBXFileReference; lastKnownFileType = text.plist.xml; path = Info.plist; sourceTree = "<group>"; };
		9FA8A3101AED768E0088A84A /* Age_in_WeeksTests.swift */ = {isa = PBXFileReference; lastKnownFileType = sourcecode.swift; path = Age_in_WeeksTests.swift; sourceTree = "<group>"; };
/* End PBXFileReference section */

/* Begin PBXFrameworksBuildPhase section */
		9FA8A2F21AED768E0088A84A /* Frameworks */ = {
			isa = PBXFrameworksBuildPhase;
			buildActionMask = 2147483647;
			files = (
			);
			runOnlyForDeploymentPostprocessing = 0;
		};
		9FA8A3071AED768E0088A84A /* Frameworks */ = {
			isa = PBXFrameworksBuildPhase;
			buildActionMask = 2147483647;
			files = (
			);
			runOnlyForDeploymentPostprocessing = 0;
		};
/* End PBXFrameworksBuildPhase section */

/* Begin PBXGroup section */
		9FA8A2EC1AED768E0088A84A = {
			isa = PBXGroup;
			children = (
				9FA8A2F71AED768E0088A84A /* Age in Weeks */,
				9FA8A30D1AED768E0088A84A /* Age in WeeksTests */,
				9FA8A2F61AED768E0088A84A /* Products */,
			);
			sourceTree = "<group>";
		};
		9FA8A2F61AED768E0088A84A /* Products */ = {
			isa = PBXGroup;
			children = (
				9FA8A2F51AED768E0088A84A /* Age in Weeks.app */,
				9FA8A30A1AED768E0088A84A /* Age in WeeksTests.xctest */,
			);
			name = Products;
			sourceTree = "<group>";
		};
		9FA8A2F71AED768E0088A84A /* Age in Weeks */ = {
			isa = PBXGroup;
			children = (
				9FA8A2FA1AED768E0088A84A /* AppDelegate.swift */,
				9FA8A2FC1AED768E0088A84A /* ViewController.swift */,
				9FA8A2FE1AED768E0088A84A /* Main.storyboard */,
				9FA8A3011AED768E0088A84A /* Images.xcassets */,
				9FA8A3031AED768E0088A84A /* LaunchScreen.xib */,
				9FA8A2F81AED768E0088A84A /* Supporting Files */,
			);
			path = "Age in Weeks";
			sourceTree = "<group>";
		};
		9FA8A2F81AED768E0088A84A /* Supporting Files */ = {
			isa = PBXGroup;
			children = (
				9FA8A2F91AED768E0088A84A /* Info.plist */,
			);
			name = "Supporting Files";
			sourceTree = "<group>";
		};
		9FA8A30D1AED768E0088A84A /* Age in WeeksTests */ = {
			isa = PBXGroup;
			children = (
				9FA8A3101AED768E0088A84A /* Age_in_WeeksTests.swift */,
				9FA8A30E1AED768E0088A84A /* Supporting Files */,
			);
			path = "Age in WeeksTests";
			sourceTree = "<group>";
		};
		9FA8A30E1AED768E0088A84A /* Supporting Files */ = {
			isa = PBXGroup;
			children = (
				9FA8A30F1AED768E0088A84A /* Info.plist */,
			);
			name = "Supporting Files";
			sourceTree = "<group>";
		};
/* End PBXGroup section */

/* Begin PBXNativeTarget section */
		9FA8A2F41AED768E0088A84A /* Age in Weeks */ = {
			isa = PBXNativeTarget;
			buildConfigurationList = 9FA8A3141AED768E0088A84A /* Build configuration list for PBXNativeTarget "Age in Weeks" */;
			buildPhases = (
				9FA8A2F11AED768E0088A84A /* Sources */,
				9FA8A2F21AED768E0088A84A /* Frameworks */,
				9FA8A2F31AED768E0088A84A /* Resources */,
			);
			buildRules = (
			);
			dependencies = (
			);
			name = "Age in Weeks";
			productName = "Age in Weeks";
			productReference = 9FA8A2F51AED768E0088A84A /* Age in Weeks.app */;
			productType = "com.apple.product-type.application";
		};
		9FA8A3091AED768E0088A84A /* Age in WeeksTests */ = {
			isa = PBXNativeTarget;
			buildConfigurationList = 9FA8A3171AED768E0088A84A /* Build configuration list for PBXNativeTarget "Age in WeeksTests" */;
			buildPhases = (
				9FA8A3061AED768E0088A84A /* Sources */,
				9FA8A3071AED768E0088A84A /* Frameworks */,
				9FA8A3081AED768E0088A84A /* Resources */,
			);
			buildRules = (
			);
			dependencies = (
				9FA8A30C1AED768E0088A84A /* PBXTargetDependency */,
			);
			name = "Age in WeeksTests";
			productName = "Age in WeeksTests";
			productReference = 9FA8A30A1AED768E0088A84A /* Age in WeeksTests.xctest */;
			productType = "com.apple.product-type.bundle.unit-test";
		};
/* End PBXNativeTarget section */

/* Begin PBXProject section */
		9FA8A2ED1AED768E0088A84A /* Project object */ = {
			isa = PBXProject;
			attributes = {
				LastUpgradeCheck = 0630;
				ORGANIZATIONNAME = "Jan van Arkel";
				TargetAttributes = {
					9FA8A2F41AED768E0088A84A = {
						CreatedOnToolsVersion = 6.3.1;
					};
					9FA8A3091AED768E0088A84A = {
						CreatedOnToolsVersion = 6.3.1;
						TestTargetID = 9FA8A2F41AED768E0088A84A;
					};
				};
			};
			buildConfigurationList = 9FA8A2F01AED768E0088A84A /* Build configuration list for PBXProject "Age in Weeks" */;
			compatibilityVersion = "Xcode 3.2";
			developmentRegion = English;
			hasScannedForEncodings = 0;
			knownRegions = (
				en,
				Base,
			);
			mainGroup = 9FA8A2EC1AED768E0088A84A;
			productRefGroup = 9FA8A2F61AED768E0088A84A /* Products */;
			projectDirPath = "";
			projectRoot = "";
			targets = (
				9FA8A2F41AED768E0088A84A /* Age in Weeks */,
				9FA8A3091AED768E0088A84A /* Age in WeeksTests */,
			);
		};
/* End PBXProject section */

/* Begin PBXResourcesBuildPhase section */
		9FA8A2F31AED768E0088A84A /* Resources */ = {
			isa = PBXResourcesBuildPhase;
			buildActionMask = 2147483647;
			files = (
				9FA8A3001AED768E0088A84A /* Main.storyboard in Resources */,
				9FA8A3051AED768E0088A84A /* LaunchScreen.xib in Resources */,
				9FA8A3021AED768E0088A84A /* Images.xcassets in Resources */,
			);
			runOnlyForDeploymentPostprocessing = 0;
		};
		9FA8A3081AED768E0088A84A /* Resources */ = {
			isa = PBXResourcesBuildPhase;
			buildActionMask = 2147483647;
			files = (
			);
			runOnlyForDeploymentPostprocessing = 0;
		};
/* End PBXResourcesBuildPhase section */

/* Begin PBXSourcesBuildPhase section */
		9FA8A2F11AED768E0088A84A /* Sources */ = {
			isa = PBXSourcesBuildPhase;
			buildActionMask = 2147483647;
			files = (
				9FA8A2FD1AED768E0088A84A /* ViewController.swift in Sources */,
				9FA8A2FB1AED768E0088A84A /* AppDelegate.swift in Sources */,
			);
			runOnlyForDeploymentPostprocessing = 0;
		};
		9FA8A3061AED768E0088A84A /* Sources */ = {
			isa = PBXSourcesBuildPhase;
			buildActionMask = 2147483647;
			files = (
				9FA8A3111AED768E0088A84A /* Age_in_WeeksTests.swift in Sources */,
			);
			runOnlyForDeploymentPostprocessing = 0;
		};
/* End PBXSourcesBuildPhase section */

/* Begin PBXTargetDependency section */
		9FA8A30C1AED768E0088A84A /* PBXTargetDependency */ = {
			isa = PBXTargetDependency;
			target = 9FA8A2F41AED768E0088A84A /* Age in Weeks */;
			targetProxy = 9FA8A30B1AED768E0088A84A /* PBXContainerItemProxy */;
		};
/* End PBXTargetDependency section */

/* Begin PBXVariantGroup section */
		9FA8A2FE1AED768E0088A84A /* Main.storyboard */ = {
			isa = PBXVariantGroup;
			children = (
				9FA8A2FF1AED768E0088A84A /* Base */,
			);
			name = Main.storyboard;
			sourceTree = "<group>";
		};
		9FA8A3031AED768E0088A84A /* LaunchScreen.xib */ = {
			isa = PBXVariantGroup;
			children = (
				9FA8A3041AED768E0088A84A /* Base */,
			);
			name = LaunchScreen.xib;
			sourceTree = "<group>";
		};
/* End PBXVariantGroup section */

/* Begin XCBuildConfiguration section */
		9FA8A3121AED768E0088A84A /* Debug */ = {
			isa = XCBuildConfiguration;
			buildSettings = {
				ALWAYS_SEARCH_USER_PATHS = NO;
				CLANG_CXX_LANGUAGE_STANDARD = "gnu++0x";
				CLANG_CXX_LIBRARY = "libc++";
				CLANG_ENABLE_MODULES = YES;
				CLANG_ENABLE_OBJC_ARC = YES;
				CLANG_WARN_BOOL_CONVERSION = YES;
				CLANG_WARN_CONSTANT_CONVERSION = YES;
				CLANG_WARN_DIRECT_OBJC_ISA_USAGE = YES_ERROR;
				CLANG_WARN_EMPTY_BODY = YES;
				CLANG_WARN_ENUM_CONVERSION = YES;
				CLANG_WARN_INT_CONVERSION = YES;
				CLANG_WARN_OBJC_ROOT_CLASS = YES_ERROR;
				CLANG_WARN_UNREACHABLE_CODE = YES;
				CLANG_WARN__DUPLICATE_METHOD_MATCH = YES;
				"CODE_SIGN_IDENTITY[sdk=iphoneos*]" = "iPhone Developer";
				COPY_PHASE_STRIP = NO;
				DEBUG_INFORMATION_FORMAT = "dwarf-with-dsym";
				ENABLE_STRICT_OBJC_MSGSEND = YES;
				GCC_C_LANGUAGE_STANDARD = gnu99;
				GCC_DYNAMIC_NO_PIC = NO;
				GCC_NO_COMMON_BLOCKS = YES;
				GCC_OPTIMIZATION_LEVEL = 0;
				GCC_PREPROCESSOR_DEFINITIONS = (
					"DEBUG=1",
					"$(inherited)",
				);
				GCC_SYMBOLS_PRIVATE_EXTERN = NO;
				GCC_WARN_64_TO_32_BIT_CONVERSION = YES;
				GCC_WARN_ABOUT_RETURN_TYPE = YES_ERROR;
				GCC_WARN_UNDECLARED_SELECTOR = YES;
				GCC_WARN_UNINITIALIZED_AUTOS = YES_AGGRESSIVE;
				GCC_WARN_UNUSED_FUNCTION = YES;
				GCC_WARN_UNUSED_VARIABLE = YES;
				IPHONEOS_DEPLOYMENT_TARGET = 8.3;
				MTL_ENABLE_DEBUG_INFO = YES;
				ONLY_ACTIVE_ARCH = YES;
				SDKROOT = iphoneos;
				SWIFT_OPTIMIZATION_LEVEL = "-Onone";
			};
			name = Debug;
		};
		9FA8A3131AED768E0088A84A /* Release */ = {
			isa = XCBuildConfiguration;
			buildSettings = {
				ALWAYS_SEARCH_USER_PATHS = NO;
				CLANG_CXX_LANGUAGE_STANDARD = "gnu++0x";
				CLANG_CXX_LIBRARY = "libc++";
				CLANG_ENABLE_MODULES = YES;
				CLANG_ENABLE_OBJC_ARC = YES;
				CLANG_WARN_BOOL_CONVERSION = YES;
				CLANG_WARN_CONSTANT_CONVERSION = YES;
				CLANG_WARN_DIRECT_OBJC_ISA_USAGE = YES_ERROR;
				CLANG_WARN_EMPTY_BODY = YES;
				CLANG_WARN_ENUM_CONVERSION = YES;
				CLANG_WARN_INT_CONVERSION = YES;
				CLANG_WARN_OBJC_ROOT_CLASS = YES_ERROR;
				CLANG_WARN_UNREACHABLE_CODE = YES;
				CLANG_WARN__DUPLICATE_METHOD_MATCH = YES;
				"CODE_SIGN_IDENTITY[sdk=iphoneos*]" = "iPhone Developer";
				COPY_PHASE_STRIP = NO;
				DEBUG_INFORMATION_FORMAT = "dwarf-with-dsym";
				ENABLE_NS_ASSERTIONS = NO;
				ENABLE_STRICT_OBJC_MSGSEND = YES;
				GCC_C_LANGUAGE_STANDARD = gnu99;
				GCC_NO_COMMON_BLOCKS = YES;
				GCC_WARN_64_TO_32_BIT_CONVERSION = YES;
				GCC_WARN_ABOUT_RETURN_TYPE = YES_ERROR;
				GCC_WARN_UNDECLARED_SELECTOR = YES;
				GCC_WARN_UNINITIALIZED_AUTOS = YES_AGGRESSIVE;
				GCC_WARN_UNUSED_FUNCTION = YES;
				GCC_WARN_UNUSED_VARIABLE = YES;
				IPHONEOS_DEPLOYMENT_TARGET = 8.3;
				MTL_ENABLE_DEBUG_INFO = NO;
				SDKROOT = iphoneos;
				VALIDATE_PRODUCT = YES;
			};
			name = Release;
		};
		9FA8A3151AED768E0088A84A /* Debug */ = {
			isa = XCBuildConfiguration;
			buildSettings = {
				ASSETCATALOG_COMPILER_APPICON_NAME = AppIcon;
				INFOPLIST_FILE = "Age in Weeks/Info.plist";
				LD_RUNPATH_SEARCH_PATHS = "$(inherited) @executable_path/Frameworks";
				PRODUCT_NAME = "$(TARGET_NAME)";
			};
			name = Debug;
		};
		9FA8A3161AED768E0088A84A /* Release */ = {
			isa = XCBuildConfiguration;
			buildSettings = {
				ASSETCATALOG_COMPILER_APPICON_NAME = AppIcon;
				INFOPLIST_FILE = "Age in Weeks/Info.plist";
				LD_RUNPATH_SEARCH_PATHS = "$(inherited) @executable_path/Frameworks";
				PRODUCT_NAME = "$(TARGET_NAME)";
			};
			name = Release;
		};
		9FA8A3181AED768E0088A84A /* Debug */ = {
			isa = XCBuildConfiguration;
			buildSettings = {
				BUNDLE_LOADER = "$(TEST_HOST)";
				FRAMEWORK_SEARCH_PATHS = (
					"$(SDKROOT)/Developer/Library/Frameworks",
					"$(inherited)",
				);
				GCC_PREPROCESSOR_DEFINITIONS = (
					"DEBUG=1",
					"$(inherited)",
				);
				INFOPLIST_FILE = "Age in WeeksTests/Info.plist";
				LD_RUNPATH_SEARCH_PATHS = "$(inherited) @executable_path/Frameworks @loader_path/Frameworks";
				PRODUCT_NAME = "$(TARGET_NAME)";
				TEST_HOST = "$(BUILT_PRODUCTS_DIR)/Age in Weeks.app/Age in Weeks";
			};
			name = Debug;
		};
		9FA8A3191AED768E0088A84A /* Release */ = {
			isa = XCBuildConfiguration;
			buildSettings = {
				BUNDLE_LOADER = "$(TEST_HOST)";
				FRAMEWORK_SEARCH_PATHS = (
					"$(SDKROOT)/Developer/Library/Frameworks",
					"$(inherited)",
				);
				INFOPLIST_FILE = "Age in WeeksTests/Info.plist";
				LD_RUNPATH_SEARCH_PATHS = "$(inherited) @executable_path/Frameworks @loader_path/Frameworks";
				PRODUCT_NAME = "$(TARGET_NAME)";
				TEST_HOST = "$(BUILT_PRODUCTS_DIR)/Age in Weeks.app/Age in Weeks";
			};
			name = Release;
		};
/* End XCBuildConfiguration section */

/* Begin XCConfigurationList section */
		9FA8A2F01AED768E0088A84A /* Build configuration list for PBXProject "Age in Weeks" */ = {
			isa = XCConfigurationList;
			buildConfigurations = (
				9FA8A3121AED768E0088A84A /* Debug */,
				9FA8A3131AED768E0088A84A /* Release */,
			);
			defaultConfigurationIsVisible = 0;
			defaultConfigurationName = Release;
		};
		9FA8A3141AED768E0088A84A /* Build configuration list for PBXNativeTarget "Age in Weeks" */ = {
			isa = XCConfigurationList;
			buildConfigurations = (
				9FA8A3151AED768E0088A84A /* Debug */,
				9FA8A3161AED768E0088A84A /* Release */,
			);
			defaultConfigurationIsVisible = 0;
		};
		9FA8A3171AED768E0088A84A /* Build configuration list for PBXNativeTarget "Age in WeeksTests" */ = {
			isa = XCConfigurationList;
			buildConfigurations = (
				9FA8A3181AED768E0088A84A /* Debug */,
				9FA8A3191AED768E0088A84A /* Release */,
			);
			defaultConfigurationIsVisible = 0;
		};
/* End XCConfigurationList section */
	};
	rootObject = 9FA8A2ED1AED768E0088A84A /* Project object */;
}
